# This file is automatically @generated by Cargo.
# It is not intended for manual editing.
version = 4

[[package]]
name = "aws-compose"
version = "0.1.0"
dependencies = [
 "compose-containers",
 "docker-compose",
 "settings-defaults",
 "settings-plugins",
]

[[package]]
name = "aws-dev"
version = "0.1.0"
dependencies = [
 "settings-defaults",
 "settings-plugins",
]

[[package]]
name = "compose-containers"
version = "0.1.0"

[[package]]
name = "docker-compose"
version = "0.1.0"

[[package]]
name = "metal-dev"
version = "0.1.0"
dependencies = [
 "settings-defaults",
 "settings-plugins",
]

[[package]]
name = "settings-defaults"
version = "0.1.0"

[[package]]
name = "settings-plugins"
version = "0.1.0"
